
Microsoft Visual Studio Solution File, Format Version 12.00
# Visual Studio Version 16
VisualStudioVersion = 16.0.29306.81
MinimumVisualStudioVersion = 10.0.40219.1
Project("{FAE04EC0-301F-11D3-BF4B-00C04F79EFBC}") = "Socket_Server", "WindowsFormsApp1\Socket_Server.csproj", "{98B6008C-3D2B-429E-8750-094D3EB11E20}"
EndProject
Project("{FAE04EC0-301F-11D3-BF4B-00C04F79EFBC}") = "Socket_Client", "..\Socket_Client\Socket_Client.csproj", "{DB87D415-DB48-4421-83C4-D8BEA3E8AADD}"
EndProject
Global
	GlobalSection(SolutionConfigurationPlatforms) = preSolution
		Debug|Any CPU = Debug|Any CPU
		Release|Any CPU = Release|Any CPU
	EndGlobalSection
	GlobalSection(ProjectConfigurationPlatforms) = postSolution
		{98B6008C-3D2B-429E-8750-094D3EB11E20}.Debug|Any CPU.ActiveCfg = Debug|Any CPU
		{98B6008C-3D2B-429E-8750-094D3EB11E20}.Debug|Any CPU.Build.0 = Debug|Any CPU
		{98B6008C-3D2B-429E-8750-094D3EB11E20}.Release|Any CPU.ActiveCfg = Release|Any CPU
		{98B6008C-3D2B-429E-8750-094D3EB11E20}.Release|Any CPU.Build.0 = Release|Any CPU
		{DB87D415-DB48-4421-83C4-D8BEA3E8AADD}.Debug|Any CPU.ActiveCfg = Debug|Any CPU
		{DB87D415-DB48-4421-83C4-D8BEA3E8AADD}.Debug|Any CPU.Build.0 = Debug|Any CPU
		{DB87D415-DB48-4421-83C4-D8BEA3E8AADD}.Release|Any CPU.ActiveCfg = Release|Any CPU
		{DB87D415-DB48-4421-83C4-D8BEA3E8AADD}.Release|Any CPU.Build.0 = Release|Any CPU
	EndGlobalSection
	GlobalSection(SolutionProperties) = preSolution
		HideSolutionNode = FALSE
	EndGlobalSection
	GlobalSection(ExtensibilityGlobals) = postSolution
		SolutionGuid = {BC9CFE7F-CADD-4798-B7DD-FA1B79E503B5}
	EndGlobalSection
EndGlobal
